// !$*UTF8*$!
{
	archiveVersion = 1;
	classes = {
	};
	objectVersion = 46;
	objects = {

/* Begin PBXBuildFile section */
		1A32F7BB1BA16F5A00DF0127 /* main.m in Sources */ = {isa = PBXBuildFile; fileRef = 1A32F7BA1BA16F5A00DF0127 /* main.m */; };
		1A32F7BE1BA16F5A00DF0127 /* AppDelegate.m in Sources */ = {isa = PBXBuildFile; fileRef = 1A32F7BD1BA16F5A00DF0127 /* AppDelegate.m */; };
		1A32F7C11BA16F5A00DF0127 /* ViewController.m in Sources */ = {isa = PBXBuildFile; fileRef = 1A32F7C01BA16F5A00DF0127 /* ViewController.m */; };
		1A32F7C41BA16F5A00DF0127 /* Main.storyboard in Resources */ = {isa = PBXBuildFile; fileRef = 1A32F7C21BA16F5A00DF0127 /* Main.storyboard */; };
		1A32F7C61BA16F5A00DF0127 /* Images.xcassets in Resources */ = {isa = PBXBuildFile; fileRef = 1A32F7C51BA16F5A00DF0127 /* Images.xcassets */; };
		1A32F7C91BA16F5A00DF0127 /* LaunchScreen.xib in Resources */ = {isa = PBXBuildFile; fileRef = 1A32F7C71BA16F5A00DF0127 /* LaunchScreen.xib */; };
		1A32F7D51BA16F5A00DF0127 /* MQTT_ChatTests.m in Sources */ = {isa = PBXBuildFile; fileRef = 1A32F7D41BA16F5A00DF0127 /* MQTT_ChatTests.m */; };
/* End PBXBuildFile section */

/* Begin PBXContainerItemProxy section */
		1A32F7CF1BA16F5A00DF0127 /* PBXContainerItemProxy */ = {
			isa = PBXContainerItemProxy;
			containerPortal = 1A32F7AD1BA16F5A00DF0127 /* Project object */;
			proxyType = 1;
			remoteGlobalIDString = 1A32F7B41BA16F5A00DF0127;
			remoteInfo = "MQTT-Chat";
		};
/* End PBXContainerItemProxy section */

/* Begin PBXFileReference section */
		1A32F7B51BA16F5A00DF0127 /* MQTT-Chat.app */ = {isa = PBXFileReference; explicitFileType = wrapper.application; includeInIndex = 0; path = "MQTT-Chat.app"; sourceTree = BUILT_PRODUCTS_DIR; };
		1A32F7B91BA16F5A00DF0127 /* Info.plist */ = {isa = PBXFileReference; lastKnownFileType = text.plist.xml; path = Info.plist; sourceTree = "<group>"; };
		1A32F7BA1BA16F5A00DF0127 /* main.m */ = {isa = PBXFileReference; lastKnownFileType = sourcecode.c.objc; path = main.m; sourceTree = "<group>"; };
		1A32F7BC1BA16F5A00DF0127 /* AppDelegate.h */ = {isa = PBXFileReference; lastKnownFileType = sourcecode.c.h; path = AppDelegate.h; sourceTree = "<group>"; };
		1A32F7BD1BA16F5A00DF0127 /* AppDelegate.m */ = {isa = PBXFileReference; lastKnownFileType = sourcecode.c.objc; path = AppDelegate.m; sourceTree = "<group>"; };
		1A32F7BF1BA16F5A00DF0127 /* ViewController.h */ = {isa = PBXFileReference; lastKnownFileType = sourcecode.c.h; path = ViewController.h; sourceTree = "<group>"; };
		1A32F7C01BA16F5A00DF0127 /* ViewController.m */ = {isa = PBXFileReference; lastKnownFileType = sourcecode.c.objc; path = ViewController.m; sourceTree = "<group>"; };
		1A32F7C31BA16F5A00DF0127 /* Base */ = {isa = PBXFileReference; lastKnownFileType = file.storyboard; name = Base; path = Base.lproj/Main.storyboard; sourceTree = "<group>"; };
		1A32F7C51BA16F5A00DF0127 /* Images.xcassets */ = {isa = PBXFileReference; lastKnownFileType = folder.assetcatalog; path = Images.xcassets; sourceTree = "<group>"; };
		1A32F7C81BA16F5A00DF0127 /* Base */ = {isa = PBXFileReference; lastKnownFileType = file.xib; name = Base; path = Base.lproj/LaunchScreen.xib; sourceTree = "<group>"; };
		1A32F7CE1BA16F5A00DF0127 /* MQTT-ChatTests.xctest */ = {isa = PBXFileReference; explicitFileType = wrapper.cfbundle; includeInIndex = 0; path = "MQTT-ChatTests.xctest"; sourceTree = BUILT_PRODUCTS_DIR; };
		1A32F7D31BA16F5A00DF0127 /* Info.plist */ = {isa = PBXFileReference; lastKnownFileType = text.plist.xml; path = Info.plist; sourceTree = "<group>"; };
		1A32F7D41BA16F5A00DF0127 /* MQTT_ChatTests.m */ = {isa = PBXFileReference; lastKnownFileType = sourcecode.c.objc; path = MQTT_ChatTests.m; sourceTree = "<group>"; };
/* End PBXFileReference section */

/* Begin PBXFrameworksBuildPhase section */
		1A32F7B21BA16F5A00DF0127 /* Frameworks */ = {
			isa = PBXFrameworksBuildPhase;
			buildActionMask = 2147483647;
			files = (
			);
			runOnlyForDeploymentPostprocessing = 0;
		};
		1A32F7CB1BA16F5A00DF0127 /* Frameworks */ = {
			isa = PBXFrameworksBuildPhase;
			buildActionMask = 2147483647;
			files = (
			);
			runOnlyForDeploymentPostprocessing = 0;
		};
/* End PBXFrameworksBuildPhase section */

/* Begin PBXGroup section */
		1A32F7AC1BA16F5A00DF0127 = {
			isa = PBXGroup;
			children = (
				1A32F7B71BA16F5A00DF0127 /* MQTT-Chat */,
				1A32F7D11BA16F5A00DF0127 /* MQTT-ChatTests */,
				1A32F7B61BA16F5A00DF0127 /* Products */,
			);
			sourceTree = "<group>";
		};
		1A32F7B61BA16F5A00DF0127 /* Products */ = {
			isa = PBXGroup;
			children = (
				1A32F7B51BA16F5A00DF0127 /* MQTT-Chat.app */,
				1A32F7CE1BA16F5A00DF0127 /* MQTT-ChatTests.xctest */,
			);
			name = Products;
			sourceTree = "<group>";
		};
		1A32F7B71BA16F5A00DF0127 /* MQTT-Chat */ = {
			isa = PBXGroup;
			children = (
				1A32F7BC1BA16F5A00DF0127 /* AppDelegate.h */,
				1A32F7BD1BA16F5A00DF0127 /* AppDelegate.m */,
				1A32F7BF1BA16F5A00DF0127 /* ViewController.h */,
				1A32F7C01BA16F5A00DF0127 /* ViewController.m */,
				1A32F7C21BA16F5A00DF0127 /* Main.storyboard */,
				1A32F7C51BA16F5A00DF0127 /* Images.xcassets */,
				1A32F7C71BA16F5A00DF0127 /* LaunchScreen.xib */,
				1A32F7B81BA16F5A00DF0127 /* Supporting Files */,
			);
			path = "MQTT-Chat";
			sourceTree = "<group>";
		};
		1A32F7B81BA16F5A00DF0127 /* Supporting Files */ = {
			isa = PBXGroup;
			children = (
				1A32F7B91BA16F5A00DF0127 /* Info.plist */,
				1A32F7BA1BA16F5A00DF0127 /* main.m */,
			);
			name = "Supporting Files";
			sourceTree = "<group>";
		};
		1A32F7D11BA16F5A00DF0127 /* MQTT-ChatTests */ = {
			isa = PBXGroup;
			children = (
				1A32F7D41BA16F5A00DF0127 /* MQTT_ChatTests.m */,
				1A32F7D21BA16F5A00DF0127 /* Supporting Files */,
			);
			path = "MQTT-ChatTests";
			sourceTree = "<group>";
		};
		1A32F7D21BA16F5A00DF0127 /* Supporting Files */ = {
			isa = PBXGroup;
			children = (
				1A32F7D31BA16F5A00DF0127 /* Info.plist */,
			);
			name = "Supporting Files";
			sourceTree = "<group>";
		};
/* End PBXGroup section */

/* Begin PBXNativeTarget section */
		1A32F7B41BA16F5A00DF0127 /* MQTT-Chat */ = {
			isa = PBXNativeTarget;
			buildConfigurationList = 1A32F7D81BA16F5A00DF0127 /* Build configuration list for PBXNativeTarget "MQTT-Chat" */;
			buildPhases = (
				1A32F7B11BA16F5A00DF0127 /* Sources */,
				1A32F7B21BA16F5A00DF0127 /* Frameworks */,
				1A32F7B31BA16F5A00DF0127 /* Resources */,
			);
			buildRules = (
			);
			dependencies = (
			);
			name = "MQTT-Chat";
			productName = "MQTT-Chat";
			productReference = 1A32F7B51BA16F5A00DF0127 /* MQTT-Chat.app */;
			productType = "com.apple.product-type.application";
		};
		1A32F7CD1BA16F5A00DF0127 /* MQTT-ChatTests */ = {
			isa = PBXNativeTarget;
			buildConfigurationList = 1A32F7DB1BA16F5A00DF0127 /* Build configuration list for PBXNativeTarget "MQTT-ChatTests" */;
			buildPhases = (
				1A32F7CA1BA16F5A00DF0127 /* Sources */,
				1A32F7CB1BA16F5A00DF0127 /* Frameworks */,
				1A32F7CC1BA16F5A00DF0127 /* Resources */,
			);
			buildRules = (
			);
			dependencies = (
				1A32F7D01BA16F5A00DF0127 /* PBXTargetDependency */,
			);
			name = "MQTT-ChatTests";
			productName = "MQTT-ChatTests";
			productReference = 1A32F7CE1BA16F5A00DF0127 /* MQTT-ChatTests.xctest */;
			productType = "com.apple.product-type.bundle.unit-test";
		};
/* End PBXNativeTarget section */

/* Begin PBXProject section */
		1A32F7AD1BA16F5A00DF0127 /* Project object */ = {
			isa = PBXProject;
			attributes = {
				LastUpgradeCheck = 0640;
				ORGANIZATIONNAME = "Kertész Tibor";
				TargetAttributes = {
					1A32F7B41BA16F5A00DF0127 = {
						CreatedOnToolsVersion = 6.4;
					};
					1A32F7CD1BA16F5A00DF0127 = {
						CreatedOnToolsVersion = 6.4;
						TestTargetID = 1A32F7B41BA16F5A00DF0127;
					};
				};
			};
			buildConfigurationList = 1A32F7B01BA16F5A00DF0127 /* Build configuration list for PBXProject "MQTT-Chat" */;
			compatibilityVersion = "Xcode 3.2";
			developmentRegion = English;
			hasScannedForEncodings = 0;
			knownRegions = (
				en,
				Base,
			);
			mainGroup = 1A32F7AC1BA16F5A00DF0127;
			productRefGroup = 1A32F7B61BA16F5A00DF0127 /* Products */;
			projectDirPath = "";
			projectRoot = "";
			targets = (
				1A32F7B41BA16F5A00DF0127 /* MQTT-Chat */,
				1A32F7CD1BA16F5A00DF0127 /* MQTT-ChatTests */,
			);
		};
/* End PBXProject section */

/* Begin PBXResourcesBuildPhase section */
		1A32F7B31BA16F5A00DF0127 /* Resources */ = {
			isa = PBXResourcesBuildPhase;
			buildActionMask = 2147483647;
			files = (
				1A32F7C41BA16F5A00DF0127 /* Main.storyboard in Resources */,
				1A32F7C91BA16F5A00DF0127 /* LaunchScreen.xib in Resources */,
				1A32F7C61BA16F5A00DF0127 /* Images.xcassets in Resources */,
			);
			runOnlyForDeploymentPostprocessing = 0;
		};
		1A32F7CC1BA16F5A00DF0127 /* Resources */ = {
			isa = PBXResourcesBuildPhase;
			buildActionMask = 2147483647;
			files = (
			);
			runOnlyForDeploymentPostprocessing = 0;
		};
/* End PBXResourcesBuildPhase section */

/* Begin PBXSourcesBuildPhase section */
		1A32F7B11BA16F5A00DF0127 /* Sources */ = {
			isa = PBXSourcesBuildPhase;
			buildActionMask = 2147483647;
			files = (
				1A32F7C11BA16F5A00DF0127 /* ViewController.m in Sources */,
				1A32F7BE1BA16F5A00DF0127 /* AppDelegate.m in Sources */,
				1A32F7BB1BA16F5A00DF0127 /* main.m in Sources */,
			);
			runOnlyForDeploymentPostprocessing = 0;
		};
		1A32F7CA1BA16F5A00DF0127 /* Sources */ = {
			isa = PBXSourcesBuildPhase;
			buildActionMask = 2147483647;
			files = (
				1A32F7D51BA16F5A00DF0127 /* MQTT_ChatTests.m in Sources */,
			);
			runOnlyForDeploymentPostprocessing = 0;
		};
/* End PBXSourcesBuildPhase section */

/* Begin PBXTargetDependency section */
		1A32F7D01BA16F5A00DF0127 /* PBXTargetDependency */ = {
			isa = PBXTargetDependency;
			target = 1A32F7B41BA16F5A00DF0127 /* MQTT-Chat */;
			targetProxy = 1A32F7CF1BA16F5A00DF0127 /* PBXContainerItemProxy */;
		};
/* End PBXTargetDependency section */

/* Begin PBXVariantGroup section */
		1A32F7C21BA16F5A00DF0127 /* Main.storyboard */ = {
			isa = PBXVariantGroup;
			children = (
				1A32F7C31BA16F5A00DF0127 /* Base */,
			);
			name = Main.storyboard;
			sourceTree = "<group>";
		};
		1A32F7C71BA16F5A00DF0127 /* LaunchScreen.xib */ = {
			isa = PBXVariantGroup;
			children = (
				1A32F7C81BA16F5A00DF0127 /* Base */,
			);
			name = LaunchScreen.xib;
			sourceTree = "<group>";
		};
/* End PBXVariantGroup section */

/* Begin XCBuildConfiguration section */
		1A32F7D61BA16F5A00DF0127 /* Debug */ = {
			isa = XCBuildConfiguration;
			buildSettings = {
				ALWAYS_SEARCH_USER_PATHS = NO;
				CLANG_CXX_LANGUAGE_STANDARD = "gnu++0x";
				CLANG_CXX_LIBRARY = "libc++";
				CLANG_ENABLE_MODULES = YES;
				CLANG_ENABLE_OBJC_ARC = YES;
				CLANG_WARN_BOOL_CONVERSION = YES;
				CLANG_WARN_CONSTANT_CONVERSION = YES;
				CLANG_WARN_DIRECT_OBJC_ISA_USAGE = YES_ERROR;
				CLANG_WARN_EMPTY_BODY = YES;
				CLANG_WARN_ENUM_CONVERSION = YES;
				CLANG_WARN_INT_CONVERSION = YES;
				CLANG_WARN_OBJC_ROOT_CLASS = YES_ERROR;
				CLANG_WARN_UNREACHABLE_CODE = YES;
				CLANG_WARN__DUPLICATE_METHOD_MATCH = YES;
				"CODE_SIGN_IDENTITY[sdk=iphoneos*]" = "iPhone Developer";
				COPY_PHASE_STRIP = NO;
				DEBUG_INFORMATION_FORMAT = "dwarf-with-dsym";
				ENABLE_STRICT_OBJC_MSGSEND = YES;
				GCC_C_LANGUAGE_STANDARD = gnu99;
				GCC_DYNAMIC_NO_PIC = NO;
				GCC_NO_COMMON_BLOCKS = YES;
				GCC_OPTIMIZATION_LEVEL = 0;
				GCC_PREPROCESSOR_DEFINITIONS = (
					"DEBUG=1",
					"$(inherited)",
				);
				GCC_SYMBOLS_PRIVATE_EXTERN = NO;
				GCC_WARN_64_TO_32_BIT_CONVERSION = YES;
				GCC_WARN_ABOUT_RETURN_TYPE = YES_ERROR;
				GCC_WARN_UNDECLARED_SELECTOR = YES;
				GCC_WARN_UNINITIALIZED_AUTOS = YES_AGGRESSIVE;
				GCC_WARN_UNUSED_FUNCTION = YES;
				GCC_WARN_UNUSED_VARIABLE = YES;
				IPHONEOS_DEPLOYMENT_TARGET = 8.4;
				MTL_ENABLE_DEBUG_INFO = YES;
				ONLY_ACTIVE_ARCH = YES;
				SDKROOT = iphoneos;
			};
			name = Debug;
		};
		1A32F7D71BA16F5A00DF0127 /* Release */ = {
			isa = XCBuildConfiguration;
			buildSettings = {
				ALWAYS_SEARCH_USER_PATHS = NO;
				CLANG_CXX_LANGUAGE_STANDARD = "gnu++0x";
				CLANG_CXX_LIBRARY = "libc++";
				CLANG_ENABLE_MODULES = YES;
				CLANG_ENABLE_OBJC_ARC = YES;
				CLANG_WARN_BOOL_CONVERSION = YES;
				CLANG_WARN_CONSTANT_CONVERSION = YES;
				CLANG_WARN_DIRECT_OBJC_ISA_USAGE = YES_ERROR;
				CLANG_WARN_EMPTY_BODY = YES;
				CLANG_WARN_ENUM_CONVERSION = YES;
				CLANG_WARN_INT_CONVERSION = YES;
				CLANG_WARN_OBJC_ROOT_CLASS = YES_ERROR;
				CLANG_WARN_UNREACHABLE_CODE = YES;
				CLANG_WARN__DUPLICATE_METHOD_MATCH = YES;
				"CODE_SIGN_IDENTITY[sdk=iphoneos*]" = "iPhone Developer";
				COPY_PHASE_STRIP = NO;
				DEBUG_INFORMATION_FORMAT = "dwarf-with-dsym";
				ENABLE_NS_ASSERTIONS = NO;
				ENABLE_STRICT_OBJC_MSGSEND = YES;
				GCC_C_LANGUAGE_STANDARD = gnu99;
				GCC_NO_COMMON_BLOCKS = YES;
				GCC_WARN_64_TO_32_BIT_CONVERSION = YES;
				GCC_WARN_ABOUT_RETURN_TYPE = YES_ERROR;
				GCC_WARN_UNDECLARED_SELECTOR = YES;
				GCC_WARN_UNINITIALIZED_AUTOS = YES_AGGRESSIVE;
				GCC_WARN_UNUSED_FUNCTION = YES;
				GCC_WARN_UNUSED_VARIABLE = YES;
				IPHONEOS_DEPLOYMENT_TARGET = 8.4;
				MTL_ENABLE_DEBUG_INFO = NO;
				SDKROOT = iphoneos;
				VALIDATE_PRODUCT = YES;
			};
			name = Release;
		};
		1A32F7D91BA16F5A00DF0127 /* Debug */ = {
			isa = XCBuildConfiguration;
			buildSettings = {
				ASSETCATALOG_COMPILER_APPICON_NAME = AppIcon;
				INFOPLIST_FILE = "MQTT-Chat/Info.plist";
				LD_RUNPATH_SEARCH_PATHS = "$(inherited) @executable_path/Frameworks";
				PRODUCT_NAME = "$(TARGET_NAME)";
			};
			name = Debug;
		};
		1A32F7DA1BA16F5A00DF0127 /* Release */ = {
			isa = XCBuildConfiguration;
			buildSettings = {
				ASSETCATALOG_COMPILER_APPICON_NAME = AppIcon;
				INFOPLIST_FILE = "MQTT-Chat/Info.plist";
				LD_RUNPATH_SEARCH_PATHS = "$(inherited) @executable_path/Frameworks";
				PRODUCT_NAME = "$(TARGET_NAME)";
			};
			name = Release;
		};
		1A32F7DC1BA16F5A00DF0127 /* Debug */ = {
			isa = XCBuildConfiguration;
			buildSettings = {
				BUNDLE_LOADER = "$(TEST_HOST)";
				FRAMEWORK_SEARCH_PATHS = (
					"$(SDKROOT)/Developer/Library/Frameworks",
					"$(inherited)",
				);
				GCC_PREPROCESSOR_DEFINITIONS = (
					"DEBUG=1",
					"$(inherited)",
				);
				INFOPLIST_FILE = "MQTT-ChatTests/Info.plist";
				LD_RUNPATH_SEARCH_PATHS = "$(inherited) @executable_path/Frameworks @loader_path/Frameworks";
				PRODUCT_NAME = "$(TARGET_NAME)";
				TEST_HOST = "$(BUILT_PRODUCTS_DIR)/MQTT-Chat.app/MQTT-Chat";
			};
			name = Debug;
		};
		1A32F7DD1BA16F5A00DF0127 /* Release */ = {
			isa = XCBuildConfiguration;
			buildSettings = {
				BUNDLE_LOADER = "$(TEST_HOST)";
				FRAMEWORK_SEARCH_PATHS = (
					"$(SDKROOT)/Developer/Library/Frameworks",
					"$(inherited)",
				);
				INFOPLIST_FILE = "MQTT-ChatTests/Info.plist";
				LD_RUNPATH_SEARCH_PATHS = "$(inherited) @executable_path/Frameworks @loader_path/Frameworks";
				PRODUCT_NAME = "$(TARGET_NAME)";
				TEST_HOST = "$(BUILT_PRODUCTS_DIR)/MQTT-Chat.app/MQTT-Chat";
			};
			name = Release;
		};
/* End XCBuildConfiguration section */

/* Begin XCConfigurationList section */
		1A32F7B01BA16F5A00DF0127 /* Build configuration list for PBXProject "MQTT-Chat" */ = {
			isa = XCConfigurationList;
			buildConfigurations = (
				1A32F7D61BA16F5A00DF0127 /* Debug */,
				1A32F7D71BA16F5A00DF0127 /* Release */,
			);
			defaultConfigurationIsVisible = 0;
			defaultConfigurationName = Release;
		};
		1A32F7D81BA16F5A00DF0127 /* Build configuration list for PBXNativeTarget "MQTT-Chat" */ = {
			isa = XCConfigurationList;
			buildConfigurations = (
				1A32F7D91BA16F5A00DF0127 /* Debug */,
				1A32F7DA1BA16F5A00DF0127 /* Release */,
			);
			defaultConfigurationIsVisible = 0;
		};
		1A32F7DB1BA16F5A00DF0127 /* Build configuration list for PBXNativeTarget "MQTT-ChatTests" */ = {
			isa = XCConfigurationList;
			buildConfigurations = (
				1A32F7DC1BA16F5A00DF0127 /* Debug */,
				1A32F7DD1BA16F5A00DF0127 /* Release */,
			);
			defaultConfigurationIsVisible = 0;
		};
/* End XCConfigurationList section */
	};
	rootObject = 1A32F7AD1BA16F5A00DF0127 /* Project object */;
}
